{
  "name": "calculator",
  "version": "1.0.0",
  "lockfileVersion": 2,
  "requires": true,
  "packages": {
    "": {
      "name": "calculator",
      "version": "1.0.0",
      "license": "ISC",
      "workspaces": [
        "packages/plus",
        "packages/minus",
        "packages/times",
        "packages/divide"
      ]
    },
    "node_modules/dayjs": {
      "version": "1.11.0",
      "resolved": "https://registry.npmjs.org/dayjs/-/dayjs-1.11.0.tgz",
      "integrity": "sha512-JLC809s6Y948/FuCZPm5IX8rRhQwOiyMb2TfVVQEixG7P8Lm/gt5S7yoQZmC8x1UehI9Pb7sksEt4xx14m+7Ug=="
    },
    "node_modules/divide": {
      "resolved": "packages/divide",
      "link": true
    },
    "node_modules/minus": {
      "resolved": "packages/minus",
      "link": true
    },
    "node_modules/plus": {
      "resolved": "packages/plus",
      "link": true
    },
    "node_modules/times": {
      "resolved": "packages/times",
      "link": true
    },
    "packages/divide": {
      "version": "1.0.0",
      "license": "ISC",
      "dependencies": {
        "dayjs": "^1.11.0"
      }
    },
    "packages/minus": {
      "version": "1.0.0",
      "license": "ISC"
    },
    "packages/plus": {
      "version": "1.0.0",
      "license": "ISC"
    },
    "packages/times": {
      "version": "1.0.0",
      "license": "ISC"
    }
  },
  "dependencies": {
    "dayjs": {
      "version": "1.11.0",
      "resolved": "https://registry.npmjs.org/dayjs/-/dayjs-1.11.0.tgz",
      "integrity": "sha512-JLC809s6Y948/FuCZPm5IX8rRhQwOiyMb2TfVVQEixG7P8Lm/gt5S7yoQZmC8x1UehI9Pb7sksEt4xx14m+7Ug=="
    },
    "divide": {
      "version": "file:packages/divide",
      "requires": {
        "dayjs": "^1.11.0"
      }
    },
    "minus": {
      "version": "file:packages/minus"
    },
    "plus": {
      "version": "file:packages/plus"
    },
    "times": {
      "version": "file:packages/times"
    }
  }
}
